
Microsoft Visual Studio Solution File, Format Version 12.00
# Visual Studio Version 17
VisualStudioVersion = 17.0.31903.59
MinimumVisualStudioVersion = 10.0.40219.1
Project("{9A19103F-16F7-4668-BE54-9A1E7A4F7556}") = "Api", "src\Example01\Api\Api.csproj", "{D753CF9C-E8B9-46C8-B55F-E9EBDA20CB6F}"
EndProject
Project("{9A19103F-16F7-4668-BE54-9A1E7A4F7556}") = "App", "src\Example01\App\App.csproj", "{AEE71452-EDFD-4A9B-95EF-CE0C94C63B9E}"
EndProject
Project("{2150E333-8FDC-42A3-9474-1A3956D46DE8}") = "Example01", "Example01", "{924F5688-78FD-425C-BD13-3E3FB28B4DFF}"
EndProject
Project("{2150E333-8FDC-42A3-9474-1A3956D46DE8}") = "Example02", "Example02", "{4EB2BEED-1479-4D06-BFFA-677BCB5B355B}"
EndProject
Project("{9A19103F-16F7-4668-BE54-9A1E7A4F7556}") = "Api", "src\Example02\Api\Api.csproj", "{C0AEE59F-48E9-4B76-88C8-2E943660AA2B}"
EndProject
Project("{9A19103F-16F7-4668-BE54-9A1E7A4F7556}") = "App", "src\Example02\App\App.csproj", "{085453E9-B2E4-4E17-B5AD-B6F04E0E4E2D}"
EndProject
Project("{2150E333-8FDC-42A3-9474-1A3956D46DE8}") = "Example03", "Example03", "{10DB3B9D-F51C-4B20-8841-0D00B71A368C}"
EndProject
Project("{9A19103F-16F7-4668-BE54-9A1E7A4F7556}") = "Api", "src\Example03\Api\Api.csproj", "{6B901354-1C54-437C-85EB-02DF41EF675A}"
EndProject
Project("{9A19103F-16F7-4668-BE54-9A1E7A4F7556}") = "App", "src\Example03\App\App.csproj", "{55DFA78A-E158-44BA-A6F4-ECFB9D6260F9}"
EndProject
Project("{2150E333-8FDC-42A3-9474-1A3956D46DE8}") = "Solution Items", "Solution Items", "{8C74DC77-EF75-42A7-AE60-693C62D10662}"
	ProjectSection(SolutionItems) = preProject
		README.md = README.md
	EndProjectSection
EndProject
Global
	GlobalSection(SolutionConfigurationPlatforms) = preSolution
		Debug|Any CPU = Debug|Any CPU
		Release|Any CPU = Release|Any CPU
	EndGlobalSection
	GlobalSection(ProjectConfigurationPlatforms) = postSolution
		{D753CF9C-E8B9-46C8-B55F-E9EBDA20CB6F}.Debug|Any CPU.ActiveCfg = Debug|Any CPU
		{D753CF9C-E8B9-46C8-B55F-E9EBDA20CB6F}.Debug|Any CPU.Build.0 = Debug|Any CPU
		{D753CF9C-E8B9-46C8-B55F-E9EBDA20CB6F}.Release|Any CPU.ActiveCfg = Release|Any CPU
		{D753CF9C-E8B9-46C8-B55F-E9EBDA20CB6F}.Release|Any CPU.Build.0 = Release|Any CPU
		{AEE71452-EDFD-4A9B-95EF-CE0C94C63B9E}.Debug|Any CPU.ActiveCfg = Debug|Any CPU
		{AEE71452-EDFD-4A9B-95EF-CE0C94C63B9E}.Debug|Any CPU.Build.0 = Debug|Any CPU
		{AEE71452-EDFD-4A9B-95EF-CE0C94C63B9E}.Release|Any CPU.ActiveCfg = Release|Any CPU
		{AEE71452-EDFD-4A9B-95EF-CE0C94C63B9E}.Release|Any CPU.Build.0 = Release|Any CPU
		{C0AEE59F-48E9-4B76-88C8-2E943660AA2B}.Debug|Any CPU.ActiveCfg = Debug|Any CPU
		{C0AEE59F-48E9-4B76-88C8-2E943660AA2B}.Debug|Any CPU.Build.0 = Debug|Any CPU
		{C0AEE59F-48E9-4B76-88C8-2E943660AA2B}.Release|Any CPU.ActiveCfg = Release|Any CPU
		{C0AEE59F-48E9-4B76-88C8-2E943660AA2B}.Release|Any CPU.Build.0 = Release|Any CPU
		{085453E9-B2E4-4E17-B5AD-B6F04E0E4E2D}.Debug|Any CPU.ActiveCfg = Debug|Any CPU
		{085453E9-B2E4-4E17-B5AD-B6F04E0E4E2D}.Debug|Any CPU.Build.0 = Debug|Any CPU
		{085453E9-B2E4-4E17-B5AD-B6F04E0E4E2D}.Release|Any CPU.ActiveCfg = Release|Any CPU
		{085453E9-B2E4-4E17-B5AD-B6F04E0E4E2D}.Release|Any CPU.Build.0 = Release|Any CPU
		{6B901354-1C54-437C-85EB-02DF41EF675A}.Debug|Any CPU.ActiveCfg = Debug|Any CPU
		{6B901354-1C54-437C-85EB-02DF41EF675A}.Debug|Any CPU.Build.0 = Debug|Any CPU
		{6B901354-1C54-437C-85EB-02DF41EF675A}.Release|Any CPU.ActiveCfg = Release|Any CPU
		{6B901354-1C54-437C-85EB-02DF41EF675A}.Release|Any CPU.Build.0 = Release|Any CPU
		{55DFA78A-E158-44BA-A6F4-ECFB9D6260F9}.Debug|Any CPU.ActiveCfg = Debug|Any CPU
		{55DFA78A-E158-44BA-A6F4-ECFB9D6260F9}.Debug|Any CPU.Build.0 = Debug|Any CPU
		{55DFA78A-E158-44BA-A6F4-ECFB9D6260F9}.Release|Any CPU.ActiveCfg = Release|Any CPU
		{55DFA78A-E158-44BA-A6F4-ECFB9D6260F9}.Release|Any CPU.Build.0 = Release|Any CPU
	EndGlobalSection
	GlobalSection(SolutionProperties) = preSolution
		HideSolutionNode = FALSE
	EndGlobalSection
	GlobalSection(NestedProjects) = preSolution
		{D753CF9C-E8B9-46C8-B55F-E9EBDA20CB6F} = {924F5688-78FD-425C-BD13-3E3FB28B4DFF}
		{AEE71452-EDFD-4A9B-95EF-CE0C94C63B9E} = {924F5688-78FD-425C-BD13-3E3FB28B4DFF}
		{C0AEE59F-48E9-4B76-88C8-2E943660AA2B} = {4EB2BEED-1479-4D06-BFFA-677BCB5B355B}
		{085453E9-B2E4-4E17-B5AD-B6F04E0E4E2D} = {4EB2BEED-1479-4D06-BFFA-677BCB5B355B}
		{6B901354-1C54-437C-85EB-02DF41EF675A} = {10DB3B9D-F51C-4B20-8841-0D00B71A368C}
		{55DFA78A-E158-44BA-A6F4-ECFB9D6260F9} = {10DB3B9D-F51C-4B20-8841-0D00B71A368C}
	EndGlobalSection
EndGlobal
